# THIS IS AN AUTOGENERATED FILE. DO NOT EDIT THIS FILE DIRECTLY.
# yarn lockfile v1


"@alloc/quick-lru@^5.2.0":
  version "5.2.0"
  resolved "https://registry.npmjs.org/@alloc/quick-lru/-/quick-lru-5.2.0.tgz"
  integrity sha512-UrcABB+4bUrFABwbluTIBErXwvbsU/V7TZWfmbgJfbkwiBuziS9gxdODUyuiecfdGQ85jglMW6juS3+z5TsKLw==

"@img/colour@^1.0.0":
  version "1.1.0"
  resolved "https://registry.npmjs.org/@img/colour/-/colour-1.1.0.tgz"
  integrity sha512-Td76q7j57o/tLVdgS746cYARfSyxk8iEfRxewL9h4OMzYhbW4TAcppl0mT4eyqXddh6L/jwoM75mo7ixa/pCeQ==

"@img/sharp-darwin-x64@0.34.5":
  version "0.34.5"
  resolved "https://registry.npmjs.org/@img/sharp-darwin-x64/-/sharp-darwin-x64-0.34.5.tgz"
  integrity sha512-YNEFAF/4KQ/PeW0N+r+aVVsoIY0/qxxikF2SWdp+NRkmMB7y9LBZAVqQ4yhGCm/H3H270OSykqmQMKLBhBJDEw==
  optionalDependencies:
    "@img/sharp-libvips-darwin-x64" "1.2.4"

"@img/sharp-libvips-darwin-x64@1.2.4":
  version "1.2.4"
  resolved "https://registry.npmjs.org/@img/sharp-libvips-darwin-x64/-/sharp-libvips-darwin-x64-1.2.4.tgz"
  integrity sha512-1IOd5xfVhlGwX+zXv2N93k0yMONvUlANylbJw1eTah8K/Jtpi15KC+WSiaX/nBmbm2HxRM1gZ0nSdjSsrZbGKg==

"@jridgewell/gen-mapping@^0.3.5":
  version "0.3.13"
  resolved "https://registry.npmjs.org/@jridgewell/gen-mapping/-/gen-mapping-0.3.13.tgz"
  integrity sha512-2kkt/7niJ6MgEPxF0bYdQ6etZaA+fQvDcLKckhy1yIQOzaoKjBBjSj63/aLVjYE3qhRt5dvM+uUyfCg6UKCBbA==
  dependencies:
    "@jridgewell/sourcemap-codec" "^1.5.0"
    "@jridgewell/trace-mapping" "^0.3.24"

"@jridgewell/remapping@^2.3.5":
  version "2.3.5"
  resolved "https://registry.npmjs.org/@jridgewell/remapping/-/remapping-2.3.5.tgz"
  integrity sha512-LI9u/+laYG4Ds1TDKSJW2YPrIlcVYOwi2fUC6xB43lueCjgxV4lffOCZCtYFiH6TNOX+tQKXx97T4IKHbhyHEQ==
  dependencies:
    "@jridgewell/gen-mapping" "^0.3.5"
    "@jridgewell/trace-mapping" "^0.3.24"

"@jridgewell/resolve-uri@^3.1.0":
  version "3.1.2"
  resolved "https://registry.npmjs.org/@jridgewell/resolve-uri/-/resolve-uri-3.1.2.tgz"
  integrity sha512-bRISgCIjP20/tbWSPWMEi54QVPRZExkuD9lJL+UIxUKtwVJA8wW1Trb1jMs1RFXo1CBTNZ/5hpC9QvmKWdopKw==

"@jridgewell/sourcemap-codec@^1.4.14", "@jridgewell/sourcemap-codec@^1.5.0", "@jridgewell/sourcemap-codec@^1.5.5":
  version "1.5.5"
  resolved "https://registry.npmjs.org/@jridgewell/sourcemap-codec/-/sourcemap-codec-1.5.5.tgz"
  integrity sha512-cYQ9310grqxueWbl+WuIUIaiUaDcj7WOq5fVhEljNVgRfOUhY9fy2zTvfoqWsnebh8Sl70VScFbICvJnLKB0Og==

"@jridgewell/trace-mapping@^0.3.24":
  version "0.3.31"
  resolved "https://registry.npmjs.org/@jridgewell/trace-mapping/-/trace-mapping-0.3.31.tgz"
  integrity sha512-zzNR+SdQSDJzc8joaeP8QQoCQr8NuYx2dIIytl1QeBEZHJ9uW6hebsrYgbz8hJwUQao3TWCMtmfV8Nu1twOLAw==
  dependencies:
    "@jridgewell/resolve-uri" "^3.1.0"
    "@jridgewell/sourcemap-codec" "^1.4.14"

"@next/env@15.5.20":
  version "15.5.20"
  resolved "https://registry.npmjs.org/@next/env/-/env-15.5.20.tgz"
  integrity sha512-dXh51Wvddf8daEyBXryZZEe1FdVxEWx9lgaTseLZUtC1XP/W8Wri+Z+VPOElHlByk23CyqHdc2oVByX7wsTWsw==

"@next/swc-darwin-x64@15.5.20":
  version "15.5.20"
  resolved "https://registry.npmjs.org/@next/swc-darwin-x64/-/swc-darwin-x64-15.5.20.tgz"
  integrity sha512-0hsFshdPnTzGJdDTHeHJ+XPUShOpnyp9pUFDwDhqctsA0Cd8NcIVGRPtptYhgYY9DjkKgCDRkXxmgRc+CgT5Wg==

"@resvg/resvg-js-darwin-x64@2.6.2":
  version "2.6.2"
  resolved "https://registry.npmjs.org/@resvg/resvg-js-darwin-x64/-/resvg-js-darwin-x64-2.6.2.tgz"
  integrity sha512-GInyZLjgWDfsVT6+SHxQVRwNzV0AuA1uqGsOAW+0th56J7Nh6bHHKXHBWzUrihxMetcFDmQMAX1tZ1fZDYSRsw==

"@resvg/resvg-js@*":
  version "2.6.2"
  resolved "https://registry.npmjs.org/@resvg/resvg-js/-/resvg-js-2.6.2.tgz"
  integrity sha512-xBaJish5OeGmniDj9cW5PRa/PtmuVU3ziqrbr5xJj901ZDN4TosrVaNZpEiLZAxdfnhAe7uQ7QFWfjPe9d9K2Q==
  optionalDependencies:
    "@resvg/resvg-js-android-arm-eabi" "2.6.2"
    "@resvg/resvg-js-android-arm64" "2.6.2"
    "@resvg/resvg-js-darwin-arm64" "2.6.2"
    "@resvg/resvg-js-darwin-x64" "2.6.2"
    "@resvg/resvg-js-linux-arm-gnueabihf" "2.6.2"
    "@resvg/resvg-js-linux-arm64-gnu" "2.6.2"
    "@resvg/resvg-js-linux-arm64-musl" "2.6.2"
    "@resvg/resvg-js-linux-x64-gnu" "2.6.2"
    "@resvg/resvg-js-linux-x64-musl" "2.6.2"
    "@resvg/resvg-js-win32-arm64-msvc" "2.6.2"
    "@resvg/resvg-js-win32-ia32-msvc" "2.6.2"
    "@resvg/resvg-js-win32-x64-msvc" "2.6.2"

"@swc/helpers@0.5.15":
  version "0.5.15"
  resolved "https://registry.npmjs.org/@swc/helpers/-/helpers-0.5.15.tgz"
  integrity sha512-JQ5TuMi45Owi4/BIMAJBoSQoOJu12oOk/gADqlcUL9JEdHB8vyjUSsxqeNXnmXHjYKMi2WcYtezGEEhqUI/E2g==
  dependencies:
    tslib "^2.8.0"

"@tailwindcss/node@4.3.2":
  version "4.3.2"
  resolved "https://registry.npmjs.org/@tailwindcss/node/-/node-4.3.2.tgz"
  integrity sha512-yWP/sqEcBLaD8JuA6zNwxoYKr75qxTioYwlRwekj5Jr/I5GXnoJfjetH/psLUIv74cYTH2lBUEzBkinthoYcBg==
  dependencies:
    "@jridgewell/remapping" "^2.3.5"
    enhanced-resolve "5.21.6"
    jiti "^2.7.0"
    lightningcss "1.32.0"
    magic-string "^0.30.21"
    source-map-js "^1.2.1"
    tailwindcss "4.3.2"

"@tailwindcss/oxide-darwin-x64@4.3.2":
  version "4.3.2"
  resolved "https://registry.npmjs.org/@tailwindcss/oxide-darwin-x64/-/oxide-darwin-x64-4.3.2.tgz"
  integrity sha512-UIIzmefR6KO1sDU7MzRqAxC8iBpft/VhkGjTjnhoS6k7Z3rQ9wEgA1ODSiyH/tcSYssulNm4Ci3hOeK1jH7ccQ==

"@tailwindcss/oxide@4.3.2":
  version "4.3.2"
  resolved "https://registry.npmjs.org/@tailwindcss/oxide/-/oxide-4.3.2.tgz"
  integrity sha512-z8ZgnzX8gdNoWLBLqBPoh/sjnxkwvf9ZuWjnO0l0yIzbLa5/9S+eC5QxGZKRobVHIC3/1BoMWjHblqWjcgFgag==
  optionalDependencies:
    "@tailwindcss/oxide-android-arm64" "4.3.2"
    "@tailwindcss/oxide-darwin-arm64" "4.3.2"
    "@tailwindcss/oxide-darwin-x64" "4.3.2"
    "@tailwindcss/oxide-freebsd-x64" "4.3.2"
    "@tailwindcss/oxide-linux-arm-gnueabihf" "4.3.2"
    "@tailwindcss/oxide-linux-arm64-gnu" "4.3.2"
    "@tailwindcss/oxide-linux-arm64-musl" "4.3.2"
    "@tailwindcss/oxide-linux-x64-gnu" "4.3.2"
    "@tailwindcss/oxide-linux-x64-musl" "4.3.2"
    "@tailwindcss/oxide-wasm32-wasi" "4.3.2"
    "@tailwindcss/oxide-win32-arm64-msvc" "4.3.2"
    "@tailwindcss/oxide-win32-x64-msvc" "4.3.2"

"@tailwindcss/postcss@^4.0.9":
  version "4.3.2"
  resolved "https://registry.npmjs.org/@tailwindcss/postcss/-/postcss-4.3.2.tgz"
  integrity sha512-rjVWYCa7Ngbi5AarT6k8TkxUG3Wl1QKzHdIZVsjZSzf36Jmo2IKZt/NHRAwly8oDkbBOH0YTu+CHuf9jPxMc+g==
  dependencies:
    "@alloc/quick-lru" "^5.2.0"
    "@tailwindcss/node" "4.3.2"
    "@tailwindcss/oxide" "4.3.2"
    postcss "^8.5.15"
    tailwindcss "4.3.2"

"@types/node@^22.13.5":
  version "22.20.0"
  resolved "https://registry.npmjs.org/@types/node/-/node-22.20.0.tgz"
  integrity sha512-QWlFW2wf3nTjC13/DqRnBpR4ZO36VJH/JVBkA/vcnmbTBNQIlnObqyqZE1tUR7+Ni23Lda8R1BxMfbXRpCUx5g==
  dependencies:
    undici-types "~6.21.0"

"@types/react-dom@^19.0.4":
  version "19.2.3"
  resolved "https://registry.npmjs.org/@types/react-dom/-/react-dom-19.2.3.tgz"
  integrity sha512-jp2L/eY6fn+KgVVQAOqYItbF0VY/YApe5Mz2F0aykSO8gx31bYCZyvSeYxCHKvzHG5eZjc+zyaS5BrBWya2+kQ==

"@types/react@^19.0.10", "@types/react@^19.2.0":
  version "19.2.17"
  resolved "https://registry.npmjs.org/@types/react/-/react-19.2.17.tgz"
  integrity sha512-MXfmqaVPEVgkBT/aY0aGCkRWWtByiYQXo3xdQ8r5RzuFrPiRn8Gar2tQdXSUQ2GKV3bkXckek89V8wQBY2Q/Aw==
  dependencies:
    csstype "^3.2.2"

"@zeit/schemas@2.36.0":
  version "2.36.0"
  resolved "https://registry.npmjs.org/@zeit/schemas/-/schemas-2.36.0.tgz"
  integrity sha512-7kjMwcChYEzMKjeex9ZFXkt1AyNov9R5HZtjBKVsmVpw7pa7ZtlCGvCBC2vnnXctaYN+aRI61HjIqeetZW5ROg==

ajv@8.18.0:
  version "8.18.0"
  resolved "https://registry.npmjs.org/ajv/-/ajv-8.18.0.tgz"
  integrity sha512-PlXPeEWMXMZ7sPYOHqmDyCJzcfNrUr3fGNKtezX14ykXOEIvyK81d+qydx89KY5O71FKMPaQ2vBfBFI5NHR63A==
  dependencies:
    fast-deep-equal "^3.1.3"
    fast-uri "^3.0.1"
    json-schema-traverse "^1.0.0"
    require-from-string "^2.0.2"

ansi-align@^3.0.1:
  version "3.0.1"
  resolved "https://registry.npmjs.org/ansi-align/-/ansi-align-3.0.1.tgz"
  integrity sha512-IOfwwBF5iczOjp/WeY4YxyjqAFMQoZufdQWDd19SEExbVLNXqvpzSJ/M7Za4/sCPmQ0+GRquoA7bGcINcxew6w==
  dependencies:
    string-width "^4.1.0"

ansi-regex@^5.0.1:
  version "5.0.1"
  resolved "https://registry.npmjs.org/ansi-regex/-/ansi-regex-5.0.1.tgz"
  integrity sha512-quJQXlTSUGL2LH9SUXo8VwsY4soanhgo6LNSm84E1LBcE8s3O0wpdiRzyR9z/ZZJMlMWv37qOOb9pdJlMUEKFQ==

ansi-regex@^6.2.2:
  version "6.2.2"
  resolved "https://registry.npmjs.org/ansi-regex/-/ansi-regex-6.2.2.tgz"
  integrity sha512-Bq3SmSpyFHaWjPk8If9yc6svM8c56dB5BAtW4Qbw5jHTwwXXcTLoRMkpDJp6VL0XzlWaCHTXrkFURMYmD0sLqg==

ansi-styles@^4.1.0:
  version "4.3.0"
  resolved "https://registry.npmjs.org/ansi-styles/-/ansi-styles-4.3.0.tgz"
  integrity sha512-zbB9rCJAT1rbjiVDb2hqKFHNYLxgtk8NURxZ3IZwD3F6NtxbXZQCnnSi1Lkx+IDohdPlFp222wVALIheZJQSEg==
  dependencies:
    color-convert "^2.0.1"

ansi-styles@^6.1.0:
  version "6.2.3"
  resolved "https://registry.npmjs.org/ansi-styles/-/ansi-styles-6.2.3.tgz"
  integrity sha512-4Dj6M28JB+oAH8kFkTLUo+a2jwOFkuqb3yucU0CANcRRUbxS0cP0nZYCGjcc3BNXwRIsUVmDGgzawme7zvJHvg==

arch@^2.2.0:
  version "2.2.0"
  resolved "https://registry.npmjs.org/arch/-/arch-2.2.0.tgz"
  integrity sha512-Of/R0wqp83cgHozfIYLbBMnej79U/SVGOOyuB3VVFv1NRM/PSFMK12x9KVtiYzJqmnU5WR2qp0Z5rHb7sWGnFQ==

arg@5.0.2:
  version "5.0.2"
  resolved "https://registry.npmjs.org/arg/-/arg-5.0.2.tgz"
  integrity sha512-PYjyFOLKQ9y57JvQ6QLo8dAgNqswh8M1RMJYdQduT6xbWSgK36P/Z/v+p888pM69jMMfS8Xd8F6I1kQ/I9HUGg==

balanced-match@^1.0.0:
  version "1.0.2"
  resolved "https://registry.npmjs.org/balanced-match/-/balanced-match-1.0.2.tgz"
  integrity sha512-3oSeUO0TMV67hN1AmbXsK4yaqU7tjiHlbxRDZOpH0KW9+CeX4bRAaX0Anxt0tx2MrpRpWwQaPwIlISEJhYU5Pw==

boxen@7.0.0:
  version "7.0.0"
  resolved "https://registry.npmjs.org/boxen/-/boxen-7.0.0.tgz"
  integrity sha512-j//dBVuyacJbvW+tvZ9HuH03fZ46QcaKvvhZickZqtB271DxJ7SNRSNxrV/dZX0085m7hISRZWbzWlJvx/rHSg==
  dependencies:
    ansi-align "^3.0.1"
    camelcase "^7.0.0"
    chalk "^5.0.1"
    cli-boxes "^3.0.0"
    string-width "^5.1.2"
    type-fest "^2.13.0"
    widest-line "^4.0.1"
    wrap-ansi "^8.0.1"

brace-expansion@^1.1.7:
  version "1.1.15"
  resolved "https://registry.npmjs.org/brace-expansion/-/brace-expansion-1.1.15.tgz"
  integrity sha512-EwOCDEex4quD37XhqM3omwtMoJjr//isUZz1JopUNWms+4Z2ViyM/k1YIRePpoVNnQhENnxtFjLaxNHrT7xIUg==
  dependencies:
    balanced-match "^1.0.0"
    concat-map "0.0.1"

bytes@3.0.0:
  version "3.0.0"
  resolved "https://registry.npmjs.org/bytes/-/bytes-3.0.0.tgz"
  integrity sha512-pMhOfFDPiv9t5jjIXkHosWmkSyQbvsgEVNkz0ERHbuLh2T/7j4Mqqpz523Fe8MVY89KC6Sh/QfS2sM+SjgFDcw==

bytes@3.1.2:
  version "3.1.2"
  resolved "https://registry.npmjs.org/bytes/-/bytes-3.1.2.tgz"
  integrity sha512-/Nf7TyzTx6S3yRJObOAV7956r8cr2+Oj8AC5dt8wSP3BQAoeX58NoHyCU8P8zGkNXStjTSi6fzO6F0pBdcYbEg==

camelcase@^7.0.0:
  version "7.0.1"
  resolved "https://registry.npmjs.org/camelcase/-/camelcase-7.0.1.tgz"
  integrity sha512-xlx1yCK2Oc1APsPXDL2LdlNP6+uu8OCDdhOBSVT279M/S+y75O30C2VuD8T2ogdePBBl7PfPF4504tnLgX3zfw==

caniuse-lite@^1.0.30001579:
  version "1.0.30001802"
  resolved "https://registry.npmjs.org/caniuse-lite/-/caniuse-lite-1.0.30001802.tgz"
  integrity sha512-vmv8ub2xwTNmljSKf82mtCk5JH7hC+YgzLj3P5zotvA0tPQ9016tdNNOG8WRca1IxOnhSsivB+J0z5FeE5LOUw==

chalk-template@0.4.0:
  version "0.4.0"
  resolved "https://registry.npmjs.org/chalk-template/-/chalk-template-0.4.0.tgz"
  integrity sha512-/ghrgmhfY8RaSdeo43hNXxpoHAtxdbskUHjPpfqUWGttFgycUhYPGx3YZBCnUCvOa7Doivn1IZec3DEGFoMgLg==
  dependencies:
    chalk "^4.1.2"

chalk@^4.1.2:
  version "4.1.2"
  resolved "https://registry.npmjs.org/chalk/-/chalk-4.1.2.tgz"
  integrity sha512-oKnbhFyRIXpUuez8iBMmyEa4nbj4IOQyuhc/wy9kY7/WVPcwIO9VA668Pu8RkO7+0G76SLROeyw9CpQ061i4mA==
  dependencies:
    ansi-styles "^4.1.0"
    supports-color "^7.1.0"

chalk@^5.0.1, chalk@5.0.1:
  version "5.0.1"
  resolved "https://registry.npmjs.org/chalk/-/chalk-5.0.1.tgz"
  integrity sha512-Fo07WOYGqMfCWHOzSXOt2CxDbC6skS/jO9ynEcmpANMoPrD+W1r1K6Vx7iNm+AQmETU1Xr2t+n8nzkV9t6xh3w==

cli-boxes@^3.0.0:
  version "3.0.0"
  resolved "https://registry.npmjs.org/cli-boxes/-/cli-boxes-3.0.0.tgz"
  integrity sha512-/lzGpEWL/8PfI0BmBOPRwp0c/wFNX1RdUML3jK/RcSBA9T8mZDdQpqYBKtCFTOfQbwPqWEOpjqW+Fnayc0969g==

client-only@0.0.1:
  version "0.0.1"
  resolved "https://registry.npmjs.org/client-only/-/client-only-0.0.1.tgz"
  integrity sha512-IV3Ou0jSMzZrd3pZ48nLkT9DA7Ag1pnPzaiQhpW7c3RbcqqzvzzVu+L8gfqMp/8IM2MQtSiqaCxrrcfu8I8rMA==

clipboardy@3.0.0:
  version "3.0.0"
  resolved "https://registry.npmjs.org/clipboardy/-/clipboardy-3.0.0.tgz"
  integrity sha512-Su+uU5sr1jkUy1sGRpLKjKrvEOVXgSgiSInwa/qeID6aJ07yh+5NWc3h2QfjHjBnfX4LhtFcuAWKUsJ3r+fjbg==
  dependencies:
    arch "^2.2.0"
    execa "^5.1.1"
    is-wsl "^2.2.0"

color-convert@^2.0.1:
  version "2.0.1"
  resolved "https://registry.npmjs.org/color-convert/-/color-convert-2.0.1.tgz"
  integrity sha512-RRECPsj7iu/xb5oKYcsFHSppFNnsj/52OVTRKb4zP5onXwVF3zVmmToNcOfGC+CRDpfK/U584fMg38ZHCaElKQ==
  dependencies:
    color-name "~1.1.4"

color-name@~1.1.4:
  version "1.1.4"
  resolved "https://registry.npmjs.org/color-name/-/color-name-1.1.4.tgz"
  integrity sha512-dOy+3AuW3a2wNbZHIuMZpTcgjGuLU/uBL/ubcZF9OXbDo8ff4O8yVp5Bf0efS8uEoYo5q4Fx7dY9OgQGXgAsQA==

compressible@~2.0.18:
  version "2.0.18"
  resolved "https://registry.npmjs.org/compressible/-/compressible-2.0.18.tgz"
  integrity sha512-AF3r7P5dWxL8MxyITRMlORQNaOA2IkAFaTr4k7BUumjPtRpGDTZpl0Pb1XCO6JeDCBdp126Cgs9sMxqSjgYyRg==
  dependencies:
    mime-db ">= 1.43.0 < 2"

compression@1.8.1:
  version "1.8.1"
  resolved "https://registry.npmjs.org/compression/-/compression-1.8.1.tgz"
  integrity sha512-9mAqGPHLakhCLeNyxPkK4xVo746zQ/czLH1Ky+vkitMnWfWZps8r0qXuwhwizagCRttsL4lfG4pIOvaWLpAP0w==
  dependencies:
    bytes "3.1.2"
    compressible "~2.0.18"
    debug "2.6.9"
    negotiator "~0.6.4"
    on-headers "~1.1.0"
    safe-buffer "5.2.1"
    vary "~1.1.2"

concat-map@0.0.1:
  version "0.0.1"
  resolved "https://registry.npmjs.org/concat-map/-/concat-map-0.0.1.tgz"
  integrity sha512-/Srv4dswyQNBfohGpz9o6Yb3Gz3SrUDqBH5rTuhGR7ahtlbYKnVxw2bCFMRljaA7EXHaXZ8wsHdodFvbkhKmqg==

content-disposition@0.5.2:
  version "0.5.2"
  resolved "https://registry.npmjs.org/content-disposition/-/content-disposition-0.5.2.tgz"
  integrity sha512-kRGRZw3bLlFISDBgwTSA1TMBFN6J6GWDeubmDE3AF+3+yXL8hTWv8r5rkLbqYXY4RjPk/EzHnClI3zQf1cFmHA==

cross-spawn@^7.0.3:
  version "7.0.6"
  resolved "https://registry.npmjs.org/cross-spawn/-/cross-spawn-7.0.6.tgz"
  integrity sha512-uV2QOWP2nWzsy2aMp8aRibhi9dlzF5Hgh5SHaB9OiTGEyDTiJJyx0uy51QXdyWbtAHNua4XJzUKca3OzKUd3vA==
  dependencies:
    path-key "^3.1.0"
    shebang-command "^2.0.0"
    which "^2.0.1"

csstype@^3.2.2:
  version "3.2.3"
  resolved "https://registry.npmjs.org/csstype/-/csstype-3.2.3.tgz"
  integrity sha512-z1HGKcYy2xA8AGQfwrn0PAy+PB7X/GSj3UVJW9qKyn43xWa+gl5nXmU4qqLMRzWVLFC8KusUX8T/0kCiOYpAIQ==

debug@2.6.9:
  version "2.6.9"
  resolved "https://registry.npmjs.org/debug/-/debug-2.6.9.tgz"
  integrity sha512-bC7ElrdJaJnPbAP+1EotYvqZsb3ecl5wi6Bfi6BJTUcNowp6cvspg0jXznRTKDjm/E7AdgFBVeAPVMNcKGsHMA==
  dependencies:
    ms "2.0.0"

deep-extend@^0.6.0:
  version "0.6.0"
  resolved "https://registry.npmjs.org/deep-extend/-/deep-extend-0.6.0.tgz"
  integrity sha512-LOHxIOaPYdHlJRtCQfDIVZtfw/ufM8+rVj649RIHzcm/vGwQRXFt6OPqIFWsm2XEMrNIEtWR64sY1LEKD2vAOA==

detect-libc@^2.0.3, detect-libc@^2.1.2:
  version "2.1.2"
  resolved "https://registry.npmjs.org/detect-libc/-/detect-libc-2.1.2.tgz"
  integrity sha512-Btj2BOOO83o3WyH59e8MgXsxEQVcarkUOpEYrubB0urwnN10yQ364rsiByU11nZlqWYZm05i/of7io4mzihBtQ==

eastasianwidth@^0.2.0:
  version "0.2.0"
  resolved "https://registry.npmjs.org/eastasianwidth/-/eastasianwidth-0.2.0.tgz"
  integrity sha512-I88TYZWc9XiYHRQ4/3c5rjjfgkjhLyW2luGIheGERbNQ6OY7yTybanSpDXZa8y7VUP9YmDcYa+eyq4ca7iLqWA==

emoji-regex@^8.0.0:
  version "8.0.0"
  resolved "https://registry.npmjs.org/emoji-regex/-/emoji-regex-8.0.0.tgz"
  integrity sha512-MSjYzcWNOA0ewAHpz0MxpYFvwg6yjy1NG3xteoqz644VCo/RPgnr1/GGt+ic3iJTzQ8Eu3TdM14SawnVUmGE6A==

emoji-regex@^9.2.2:
  version "9.2.2"
  resolved "https://registry.npmjs.org/emoji-regex/-/emoji-regex-9.2.2.tgz"
  integrity sha512-L18DaJsXSUk2+42pv8mLs5jJT2hqFkFE4j21wOmgbUqsZ2hL72NsUU785g9RXgo3s0ZNgVl42TiHp3ZtOv/Vyg==

enhanced-resolve@5.21.6:
  version "5.21.6"
  resolved "https://registry.npmjs.org/enhanced-resolve/-/enhanced-resolve-5.21.6.tgz"
  integrity sha512-aNnGCvbJ/RIyWo1IuhNdVjnNF+EjH9wpzpNHt+ci/m9He9LJvUN8wrCcXjp9cWsGNAuvSpVFTx/vraAFQ8qGjQ==
  dependencies:
    graceful-fs "^4.2.4"
    tapable "^2.3.3"

execa@^5.1.1:
  version "5.1.1"
  resolved "https://registry.npmjs.org/execa/-/execa-5.1.1.tgz"
  integrity sha512-8uSpZZocAZRBAPIEINJj3Lo9HyGitllczc27Eh5YYojjMFMn8yHMDMaUHE2Jqfq05D/wucwI4JGURyXt1vchyg==
  dependencies:
    cross-spawn "^7.0.3"
    get-stream "^6.0.0"
    human-signals "^2.1.0"
    is-stream "^2.0.0"
    merge-stream "^2.0.0"
    npm-run-path "^4.0.1"
    onetime "^5.1.2"
    signal-exit "^3.0.3"
    strip-final-newline "^2.0.0"

fast-deep-equal@^3.1.3:
  version "3.1.3"
  resolved "https://registry.npmjs.org/fast-deep-equal/-/fast-deep-equal-3.1.3.tgz"
  integrity sha512-f3qQ9oQy9j2AhBe/H9VC91wLmKBCCU/gDOnKNAYG5hswO7BLKj09Hc5HYNz9cGI++xlpDCIgDaitVs03ATR84Q==

fast-uri@^3.0.1:
  version "3.1.3"
  resolved "https://registry.npmjs.org/fast-uri/-/fast-uri-3.1.3.tgz"
  integrity sha512-i70LwGWUduXqzicKXWshooq+sWL1K3WUU5rKZNG/0i3a1OSoX3HqhH5WbWwTmqWfor4urUakGPiRQcleRZTwOg==

framer-motion@^12.4.7:
  version "12.42.2"
  resolved "https://registry.npmjs.org/framer-motion/-/framer-motion-12.42.2.tgz"
  integrity sha512-5XY9luDiu0oHfHBjpDthFMh0ES+122w6p/papSJBweMkO8Sn+PW2QaEgRblQBpWFnuvZS5qvarpt/hO2pjGmnw==
  dependencies:
    motion-dom "^12.42.2"
    motion-utils "^12.39.0"
    tslib "^2.4.0"

get-stream@^6.0.0:
  version "6.0.1"
  resolved "https://registry.npmjs.org/get-stream/-/get-stream-6.0.1.tgz"
  integrity sha512-ts6Wi+2j3jQjqi70w5AlN8DFnkSwC+MqmxEzdEALB2qXZYV3X/b1CTfgPLGJNMeAWxdPfU8FO1ms3NUfaHCPYg==

graceful-fs@^4.2.4:
  version "4.2.11"
  resolved "https://registry.npmjs.org/graceful-fs/-/graceful-fs-4.2.11.tgz"
  integrity sha512-RbJ5/jmFcNNCcDV5o9eTnBLJ/HszWV0P73bc+Ff4nS/rJj+YaS6IGyiOL0VoBYX+l1Wrl3k63h/KrH+nhJ0XvQ==

has-flag@^4.0.0:
  version "4.0.0"
  resolved "https://registry.npmjs.org/has-flag/-/has-flag-4.0.0.tgz"
  integrity sha512-EykJT/Q1KjTWctppgIAgfSO0tKVuZUjhgMr17kqTumMl6Afv3EISleU7qZUzoXDFTAHTDC4NOoG/ZxU3EvlMPQ==

human-signals@^2.1.0:
  version "2.1.0"
  resolved "https://registry.npmjs.org/human-signals/-/human-signals-2.1.0.tgz"
  integrity sha512-B4FFZ6q/T2jhhksgkbEW3HBvWIfDW85snkQgawt07S7J5QXTk6BkNV+0yAeZrM5QpMAdYlocGoljn0sJ/WQkFw==

ini@~1.3.0:
  version "1.3.8"
  resolved "https://registry.npmjs.org/ini/-/ini-1.3.8.tgz"
  integrity sha512-JV/yugV2uzW5iMRSiZAyDtQd+nxtUnjeLt0acNdw98kKLrvuRVyB80tsREOE7yvGVgalhZ6RNXCmEHkUKBKxew==

is-docker@^2.0.0:
  version "2.2.1"
  resolved "https://registry.npmjs.org/is-docker/-/is-docker-2.2.1.tgz"
  integrity sha512-F+i2BKsFrH66iaUFc0woD8sLy8getkwTwtOBjvs56Cx4CgJDeKQeqfz8wAYiSb8JOprWhHH5p77PbmYCvvUuXQ==

is-fullwidth-code-point@^3.0.0:
  version "3.0.0"
  resolved "https://registry.npmjs.org/is-fullwidth-code-point/-/is-fullwidth-code-point-3.0.0.tgz"
  integrity sha512-zymm5+u+sCsSWyD9qNaejV3DFvhCKclKdizYaJUuHA83RLjb7nSuGnddCHGv0hk+KY7BMAlsWeK4Ueg6EV6XQg==

is-port-reachable@4.0.0:
  version "4.0.0"
  resolved "https://registry.npmjs.org/is-port-reachable/-/is-port-reachable-4.0.0.tgz"
  integrity sha512-9UoipoxYmSk6Xy7QFgRv2HDyaysmgSG75TFQs6S+3pDM7ZhKTF/bskZV+0UlABHzKjNVhPjYCLfeZUEg1wXxig==

is-stream@^2.0.0:
  version "2.0.1"
  resolved "https://registry.npmjs.org/is-stream/-/is-stream-2.0.1.tgz"
  integrity sha512-hFoiJiTl63nn+kstHGBtewWSKnQLpyb155KHheA1l39uvtO9nWIop1p3udqPcUd/xbF1VLMO4n7OI6p7RbngDg==

is-wsl@^2.2.0:
  version "2.2.0"
  resolved "https://registry.npmjs.org/is-wsl/-/is-wsl-2.2.0.tgz"
  integrity sha512-fKzAra0rGJUUBwGBgNkHZuToZcn+TtXHpeCgmkMJMMYx1sQDYaCSyjJBSCa2nH1DGm7s3n1oBnohoVTBaN7Lww==
  dependencies:
    is-docker "^2.0.0"

isexe@^2.0.0:
  version "2.0.0"
  resolved "https://registry.npmjs.org/isexe/-/isexe-2.0.0.tgz"
  integrity sha512-RHxMLp9lnKHGHRng9QFhRCMbYAcVpn69smSGcq3f36xjgVVWThj4qqLbTLlq7Ssj8B+fIQ1EuCEGI2lKsyQeIw==

jiti@^2.7.0:
  version "2.7.0"
  resolved "https://registry.npmjs.org/jiti/-/jiti-2.7.0.tgz"
  integrity sha512-AC/7JofJvZGrrneWNaEnJeOLUx+JlGt7tNa0wZiRPT4MY1wmfKjt2+6O2p2uz2+skll8OZZmJMNqeke7kKbNgQ==

json-schema-traverse@^1.0.0:
  version "1.0.0"
  resolved "https://registry.npmjs.org/json-schema-traverse/-/json-schema-traverse-1.0.0.tgz"
  integrity sha512-NM8/P9n3XjXhIZn1lLhkFaACTOURQXjWhV4BA/RnOv8xvgqtqpAX9IO4mRQxSx1Rlo4tqzeqb0sOlruaOy3dug==

lightningcss-darwin-x64@1.32.0:
  version "1.32.0"
  resolved "https://registry.npmjs.org/lightningcss-darwin-x64/-/lightningcss-darwin-x64-1.32.0.tgz"
  integrity sha512-U+QsBp2m/s2wqpUYT/6wnlagdZbtZdndSmut/NJqlCcMLTWp5muCrID+K5UJ6jqD2BFshejCYXniPDbNh73V8w==

lightningcss@1.32.0:
  version "1.32.0"
  resolved "https://registry.npmjs.org/lightningcss/-/lightningcss-1.32.0.tgz"
  integrity sha512-NXYBzinNrblfraPGyrbPoD19C1h9lfI/1mzgWYvXUTe414Gz/X1FD2XBZSZM7rRTrMA8JL3OtAaGifrIKhQ5yQ==
  dependencies:
    detect-libc "^2.0.3"
  optionalDependencies:
    lightningcss-android-arm64 "1.32.0"
    lightningcss-darwin-arm64 "1.32.0"
    lightningcss-darwin-x64 "1.32.0"
    lightningcss-freebsd-x64 "1.32.0"
    lightningcss-linux-arm-gnueabihf "1.32.0"
    lightningcss-linux-arm64-gnu "1.32.0"
    lightningcss-linux-arm64-musl "1.32.0"
    lightningcss-linux-x64-gnu "1.32.0"
    lightningcss-linux-x64-musl "1.32.0"
    lightningcss-win32-arm64-msvc "1.32.0"
    lightningcss-win32-x64-msvc "1.32.0"

magic-string@^0.30.21:
  version "0.30.21"
  resolved "https://registry.npmjs.org/magic-string/-/magic-string-0.30.21.tgz"
  integrity sha512-vd2F4YUyEXKGcLHoq+TEyCjxueSeHnFxyyjNp80yg0XV4vUhnDer/lvvlqM/arB5bXQN5K2/3oinyCRyx8T2CQ==
  dependencies:
    "@jridgewell/sourcemap-codec" "^1.5.5"

merge-stream@^2.0.0:
  version "2.0.0"
  resolved "https://registry.npmjs.org/merge-stream/-/merge-stream-2.0.0.tgz"
  integrity sha512-abv/qOcuPfk3URPfDzmZU1LKmuw8kT+0nIHvKrKgFrwifol/doWcdA4ZqsWQ8ENrFKkd67Mfpo/LovbIUsbt3w==

"mime-db@>= 1.43.0 < 2":
  version "1.54.0"
  resolved "https://registry.npmjs.org/mime-db/-/mime-db-1.54.0.tgz"
  integrity sha512-aU5EJuIN2WDemCcAp2vFBfp/m4EAhWJnUNSSw0ixs7/kXbd6Pg64EmwJkNdFhB8aWt1sH2CTXrLxo/iAGV3oPQ==

mime-db@~1.33.0:
  version "1.33.0"
  resolved "https://registry.npmjs.org/mime-db/-/mime-db-1.33.0.tgz"
  integrity sha512-BHJ/EKruNIqJf/QahvxwQZXKygOQ256myeN/Ew+THcAa5q+PjyTTMMeNQC4DZw5AwfvelsUrA6B67NKMqXDbzQ==

mime-types@2.1.18:
  version "2.1.18"
  resolved "https://registry.npmjs.org/mime-types/-/mime-types-2.1.18.tgz"
  integrity sha512-lc/aahn+t4/SWV/qcmumYjymLsWfN3ELhpmVuUFjgsORruuZPVSwAQryq+HHGvO/SI2KVX26bx+En+zhM8g8hQ==
  dependencies:
    mime-db "~1.33.0"

mimic-fn@^2.1.0:
  version "2.1.0"
  resolved "https://registry.npmjs.org/mimic-fn/-/mimic-fn-2.1.0.tgz"
  integrity sha512-OqbOk5oEQeAZ8WXWydlu9HJjz9WVdEIvamMCcXmuqUYjTknH/sqsWvhQ3vgwKFRR1HpjvNBKQ37nbJgYzGqGcg==

minimatch@3.1.5:
  version "3.1.5"
  resolved "https://registry.npmjs.org/minimatch/-/minimatch-3.1.5.tgz"
  integrity sha512-VgjWUsnnT6n+NUk6eZq77zeFdpW2LWDzP6zFGrCbHXiYNul5Dzqk2HHQ5uFH2DNW5Xbp8+jVzaeNt94ssEEl4w==
  dependencies:
    brace-expansion "^1.1.7"

minimist@^1.2.0:
  version "1.2.8"
  resolved "https://registry.npmjs.org/minimist/-/minimist-1.2.8.tgz"
  integrity sha512-2yyAR8qBkN3YuheJanUpWC5U3bb5osDywNB8RzDVlDwDHbocAJveqqj1u8+SVD7jkWT4yvsHCpWqqWqAxb0zCA==

motion-dom@^12.42.2:
  version "12.42.2"
  resolved "https://registry.npmjs.org/motion-dom/-/motion-dom-12.42.2.tgz"
  integrity sha512-5gIMWLp/PycBtJRJWRgjxke5n8dlvkSn2DrYW+tr3XcqAZY1xZh6BJyooJXCM8wdfM7wfMjkBJNLge1CKPUIRA==
  dependencies:
    motion-utils "^12.39.0"

motion-utils@^12.39.0:
  version "12.39.0"
  resolved "https://registry.npmjs.org/motion-utils/-/motion-utils-12.39.0.tgz"
  integrity sha512-8nadJAJjTtqRkmRF36FoJTrywK9nnFmnPwnSMyxaOCU7GDjN9RTMJIxx9De8ErM+vpPhMccr/6fo5WciyQLnMQ==

ms@2.0.0:
  version "2.0.0"
  resolved "https://registry.npmjs.org/ms/-/ms-2.0.0.tgz"
  integrity sha512-Tpp60P6IUJDTuOq/5Z8cdskzJujfwqfOTkrwIwj7IRISpnkJnT6SyJ4PCPnGMoFjC9ddhal5KVIYtAt97ix05A==

nanoid@^3.3.12, nanoid@^3.3.6:
  version "3.3.15"
  resolved "https://registry.npmjs.org/nanoid/-/nanoid-3.3.15.tgz"
  integrity sha512-y7Wygv/7mEOvxTuEQDB8StXdMRBWf1kR/tlhAzBRUFkB2jfcLOAxO/SHmOO2zgz1pVgK29/kyupn059/bCHdjA==

negotiator@~0.6.4:
  version "0.6.4"
  resolved "https://registry.npmjs.org/negotiator/-/negotiator-0.6.4.tgz"
  integrity sha512-myRT3DiWPHqho5PrJaIRyaMv2kgYf0mUVgBNOYMuCH5Ki1yEiQaf/ZJuQ62nvpc44wL5WDbTX7yGJi1Neevw8w==

next-themes@^0.4.4:
  version "0.4.6"
  resolved "https://registry.npmjs.org/next-themes/-/next-themes-0.4.6.tgz"
  integrity sha512-pZvgD5L0IEvX5/9GWyHMf3m8BKiVQwsCMHfoFosXtXBMnaS0ZnIJ9ST4b4NqLVKDEm8QBxoNNGNaBv2JNF6XNA==

next@^15.2.4:
  version "15.5.20"
  resolved "https://registry.npmjs.org/next/-/next-15.5.20.tgz"
  integrity sha512-cvyS3/geydan1xLtE3FA8VCgdoQ/Gg/dlOldFkFCbB5VcVYJV7090hQLBnvTW2PwT76Z/dHdzDZCsVhZpoOlUA==
  dependencies:
    "@next/env" "15.5.20"
    "@swc/helpers" "0.5.15"
    caniuse-lite "^1.0.30001579"
    postcss "8.4.31"
    styled-jsx "5.1.6"
  optionalDependencies:
    "@next/swc-darwin-arm64" "15.5.20"
    "@next/swc-darwin-x64" "15.5.20"
    "@next/swc-linux-arm64-gnu" "15.5.20"
    "@next/swc-linux-arm64-musl" "15.5.20"
    "@next/swc-linux-x64-gnu" "15.5.20"
    "@next/swc-linux-x64-musl" "15.5.20"
    "@next/swc-win32-arm64-msvc" "15.5.20"
    "@next/swc-win32-x64-msvc" "15.5.20"
    sharp "^0.34.3"

npm-run-path@^4.0.1:
  version "4.0.1"
  resolved "https://registry.npmjs.org/npm-run-path/-/npm-run-path-4.0.1.tgz"
  integrity sha512-S48WzZW777zhNIrn7gxOlISNAqi9ZC/uQFnRdbeIHhZhCA6UqpkOT8T1G7BvfdgP4Er8gF4sUbaS0i7QvIfCWw==
  dependencies:
    path-key "^3.0.0"

on-headers@~1.1.0:
  version "1.1.0"
  resolved "https://registry.npmjs.org/on-headers/-/on-headers-1.1.0.tgz"
  integrity sha512-737ZY3yNnXy37FHkQxPzt4UZ2UWPWiCZWLvFZ4fu5cueciegX0zGPnrlY6bwRg4FdQOe9YU8MkmJwGhoMybl8A==

onetime@^5.1.2:
  version "5.1.2"
  resolved "https://registry.npmjs.org/onetime/-/onetime-5.1.2.tgz"
  integrity sha512-kbpaSSGJTWdAY5KPVeMOKXSrPtr8C8C7wodJbcsd51jRnmD+GZu8Y0VoU6Dm5Z4vWr0Ig/1NKuWRKf7j5aaYSg==
  dependencies:
    mimic-fn "^2.1.0"

path-is-inside@1.0.2:
  version "1.0.2"
  resolved "https://registry.npmjs.org/path-is-inside/-/path-is-inside-1.0.2.tgz"
  integrity sha512-DUWJr3+ULp4zXmol/SZkFf3JGsS9/SIv+Y3Rt93/UjPpDpklB5f1er4O3POIbUuUJ3FXgqte2Q7SrU6zAqwk8w==

path-key@^3.0.0, path-key@^3.1.0:
  version "3.1.1"
  resolved "https://registry.npmjs.org/path-key/-/path-key-3.1.1.tgz"
  integrity sha512-ojmeN0qd+y0jszEtoY48r0Peq5dwMEkIlCOu6Q5f41lfkswXuKtYrhgoTpLnyIcHm24Uhqx+5Tqm2InSwLhE6Q==

path-to-regexp@3.3.0:
  version "3.3.0"
  resolved "https://registry.npmjs.org/path-to-regexp/-/path-to-regexp-3.3.0.tgz"
  integrity sha512-qyCH421YQPS2WFDxDjftfc1ZR5WKQzVzqsp4n9M2kQhVOo/ByahFoUNJfl58kOcEGfQ//7weFTDhm+ss8Ecxgw==

picocolors@^1.0.0, picocolors@^1.1.1:
  version "1.1.1"
  resolved "https://registry.npmjs.org/picocolors/-/picocolors-1.1.1.tgz"
  integrity sha512-xceH2snhtb5M9liqDsmEw56le376mTZkEX/jEb/RxNFyegNul7eNslCXP9FDj/Lcu0X8KEyMceP2ntpaHrDEVA==

postcss@^8.5.15:
  version "8.5.16"
  resolved "https://registry.npmjs.org/postcss/-/postcss-8.5.16.tgz"
  integrity sha512-vuwillviilfKZsg0VGj5R/YwwcHx4SLsIOI/7K6mQkWx+l5cUHTjj5g0AasTBcyXsbfTgrwsUNmVUb5xVwyPwg==
  dependencies:
    nanoid "^3.3.12"
    picocolors "^1.1.1"
    source-map-js "^1.2.1"

postcss@8.4.31:
  version "8.4.31"
  resolved "https://registry.npmjs.org/postcss/-/postcss-8.4.31.tgz"
  integrity sha512-PS08Iboia9mts/2ygV3eLpY5ghnUcfLV/EXTOW1E2qYxJKGGBUtNjN76FYHnMs36RmARn41bC0AZmn+rR0OVpQ==
  dependencies:
    nanoid "^3.3.6"
    picocolors "^1.0.0"
    source-map-js "^1.0.2"

range-parser@1.2.0:
  version "1.2.0"
  resolved "https://registry.npmjs.org/range-parser/-/range-parser-1.2.0.tgz"
  integrity sha512-kA5WQoNVo4t9lNx2kQNFCxKeBl5IbbSNBl1M/tLkw9WCn+hxNBAW5Qh8gdhs63CJnhjJ2zQWFoqPJP2sK1AV5A==

rc@^1.0.1, rc@^1.1.6:
  version "1.2.8"
  resolved "https://registry.npmjs.org/rc/-/rc-1.2.8.tgz"
  integrity sha512-y3bGgqKj3QBdxLbLkomlohkvsA8gdAiUQlSBJnBhfn+BPxg4bc62d8TcBW15wavDfgexCgccckhcZvywyQYPOw==
  dependencies:
    deep-extend "^0.6.0"
    ini "~1.3.0"
    minimist "^1.2.0"
    strip-json-comments "~2.0.1"

"react-dom@^16.8 || ^17 || ^18 || ^19 || ^19.0.0-rc", "react-dom@^18.0.0 || ^19.0.0", "react-dom@^18.2.0 || 19.0.0-rc-de68d2f4-20241204 || ^19.0.0", react-dom@^19.0.0:
  version "19.2.7"
  resolved "https://registry.npmjs.org/react-dom/-/react-dom-19.2.7.tgz"
  integrity sha512-t0BRVXvbiE/o20Hfw669rLbMCDWtYZLvmJigy2f0MxsXF+71pxhR3xOkspmsO8h3ZlNzyibAmtCa3l4lYKk6gQ==
  dependencies:
    scheduler "^0.27.0"

"react@^16.8 || ^17 || ^18 || ^19 || ^19.0.0-rc", "react@^18.0.0 || ^19.0.0", "react@^18.2.0 || 19.0.0-rc-de68d2f4-20241204 || ^19.0.0", react@^19.0.0, react@^19.2.7, "react@>= 16.8.0 || 17.x.x || ^18.0.0-0 || ^19.0.0-0":
  version "19.2.7"
  resolved "https://registry.npmjs.org/react/-/react-19.2.7.tgz"
  integrity sha512-HNe9WslTbXmFK8o8cmwgAeJFSBvt1bPdHCVKtaaV+WlAN36mpT4hcRpwbf3fY56ar2oIXzsBpOAiIRHAdY0OlQ==

registry-auth-token@3.3.2:
  version "3.3.2"
  resolved "https://registry.npmjs.org/registry-auth-token/-/registry-auth-token-3.3.2.tgz"
  integrity sha512-JL39c60XlzCVgNrO+qq68FoNb56w/m7JYvGR2jT5iR1xBrUA3Mfx5Twk5rqTThPmQKMWydGmq8oFtDlxfrmxnQ==
  dependencies:
    rc "^1.1.6"
    safe-buffer "^5.0.1"

registry-url@3.1.0:
  version "3.1.0"
  resolved "https://registry.npmjs.org/registry-url/-/registry-url-3.1.0.tgz"
  integrity sha512-ZbgR5aZEdf4UKZVBPYIgaglBmSF2Hi94s2PcIHhRGFjKYu+chjJdYfHn4rt3hB6eCKLJ8giVIIfgMa1ehDfZKA==
  dependencies:
    rc "^1.0.1"

require-from-string@^2.0.2:
  version "2.0.2"
  resolved "https://registry.npmjs.org/require-from-string/-/require-from-string-2.0.2.tgz"
  integrity sha512-Xf0nWe6RseziFMu+Ap9biiUbmplq6S9/p+7w7YXP/JBHhrUDDUhwa+vANyubuqfZWTveU//DYVGsDG7RKL/vEw==

safe-buffer@^5.0.1, safe-buffer@5.2.1:
  version "5.2.1"
  resolved "https://registry.npmjs.org/safe-buffer/-/safe-buffer-5.2.1.tgz"
  integrity sha512-rp3So07KcdmmKbGvgaNxQSJr7bGVSVk5S9Eq1F+ppbRo70+YeaDxkw5Dd8NPN+GD6bjnYm2VuPuCXmpuYvmCXQ==

scheduler@^0.27.0:
  version "0.27.0"
  resolved "https://registry.npmjs.org/scheduler/-/scheduler-0.27.0.tgz"
  integrity sha512-eNv+WrVbKu1f3vbYJT/xtiF5syA5HPIMtf9IgY/nKg0sWqzAUEvqY/xm7OcZc/qafLx/iO9FgOmeSAp4v5ti/Q==

semver@^7.7.3:
  version "7.8.5"
  resolved "https://registry.npmjs.org/semver/-/semver-7.8.5.tgz"
  integrity sha512-Y7/KDsb8LjooZpwaqGyulO6DQlksgCncchHGk+sZIY4SBvUocMBEFH5Ur1fI4dV+Jvl0w6cjvucaIi40puRioA==

serve-handler@6.1.7:
  version "6.1.7"
  resolved "https://registry.npmjs.org/serve-handler/-/serve-handler-6.1.7.tgz"
  integrity sha512-CinAq1xWb0vR3twAv9evEU8cNWkXCb9kd5ePAHUKJBkOsUpR1wt/CvGdeca7vqumL1U5cSaeVQ6zZMxiJ3yWsg==
  dependencies:
    bytes "3.0.0"
    content-disposition "0.5.2"
    mime-types "2.1.18"
    minimatch "3.1.5"
    path-is-inside "1.0.2"
    path-to-regexp "3.3.0"
    range-parser "1.2.0"

serve@^14.2.4:
  version "14.2.6"
  resolved "https://registry.npmjs.org/serve/-/serve-14.2.6.tgz"
  integrity sha512-QEjUSA+sD4Rotm1znR8s50YqA3kYpRGPmtd5GlFxbaL9n/FdUNbqMhxClqdditSk0LlZyA/dhud6XNRTOC9x2Q==
  dependencies:
    "@zeit/schemas" "2.36.0"
    ajv "8.18.0"
    arg "5.0.2"
    boxen "7.0.0"
    chalk "5.0.1"
    chalk-template "0.4.0"
    clipboardy "3.0.0"
    compression "1.8.1"
    is-port-reachable "4.0.0"
    serve-handler "6.1.7"
    update-check "1.5.4"

sharp@^0.34.3:
  version "0.34.5"
  resolved "https://registry.npmjs.org/sharp/-/sharp-0.34.5.tgz"
  integrity sha512-Ou9I5Ft9WNcCbXrU9cMgPBcCK8LiwLqcbywW3t4oDV37n1pzpuNLsYiAV8eODnjbtQlSDwZ2cUEeQz4E54Hltg==
  dependencies:
    "@img/colour" "^1.0.0"
    detect-libc "^2.1.2"
    semver "^7.7.3"
  optionalDependencies:
    "@img/sharp-darwin-arm64" "0.34.5"
    "@img/sharp-darwin-x64" "0.34.5"
    "@img/sharp-libvips-darwin-arm64" "1.2.4"
    "@img/sharp-libvips-darwin-x64" "1.2.4"
    "@img/sharp-libvips-linux-arm" "1.2.4"
    "@img/sharp-libvips-linux-arm64" "1.2.4"
    "@img/sharp-libvips-linux-ppc64" "1.2.4"
    "@img/sharp-libvips-linux-riscv64" "1.2.4"
    "@img/sharp-libvips-linux-s390x" "1.2.4"
    "@img/sharp-libvips-linux-x64" "1.2.4"
    "@img/sharp-libvips-linuxmusl-arm64" "1.2.4"
    "@img/sharp-libvips-linuxmusl-x64" "1.2.4"
    "@img/sharp-linux-arm" "0.34.5"
    "@img/sharp-linux-arm64" "0.34.5"
    "@img/sharp-linux-ppc64" "0.34.5"
    "@img/sharp-linux-riscv64" "0.34.5"
    "@img/sharp-linux-s390x" "0.34.5"
    "@img/sharp-linux-x64" "0.34.5"
    "@img/sharp-linuxmusl-arm64" "0.34.5"
    "@img/sharp-linuxmusl-x64" "0.34.5"
    "@img/sharp-wasm32" "0.34.5"
    "@img/sharp-win32-arm64" "0.34.5"
    "@img/sharp-win32-ia32" "0.34.5"
    "@img/sharp-win32-x64" "0.34.5"

shebang-command@^2.0.0:
  version "2.0.0"
  resolved "https://registry.npmjs.org/shebang-command/-/shebang-command-2.0.0.tgz"
  integrity sha512-kHxr2zZpYtdmrN1qDjrrX/Z1rR1kG8Dx+gkpK1G4eXmvXswmcE1hTWBWYUzlraYw1/yZp6YuDY77YtvbN0dmDA==
  dependencies:
    shebang-regex "^3.0.0"

shebang-regex@^3.0.0:
  version "3.0.0"
  resolved "https://registry.npmjs.org/shebang-regex/-/shebang-regex-3.0.0.tgz"
  integrity sha512-7++dFhtcx3353uBaq8DDR4NuxBetBzC7ZQOhmTQInHEd6bSrXdiEyzCvG07Z44UYdLShWUyXt5M/yhz8ekcb1A==

signal-exit@^3.0.3:
  version "3.0.7"
  resolved "https://registry.npmjs.org/signal-exit/-/signal-exit-3.0.7.tgz"
  integrity sha512-wnD2ZE+l+SPC/uoS0vXeE9L1+0wuaMqKlfz9AMUo38JsyLSBWSFcHR1Rri62LZc12vLr1gb3jl7iwQhgwpAbGQ==

source-map-js@^1.0.2, source-map-js@^1.2.1:
  version "1.2.1"
  resolved "https://registry.npmjs.org/source-map-js/-/source-map-js-1.2.1.tgz"
  integrity sha512-UXWMKhLOwVKb728IUtQPXxfYU+usdybtUrK/8uGE8CQMvrhOpwvzDBwj0QhSL7MQc7vIsISBG8VQ8+IDQxpfQA==

string-width@^4.1.0:
  version "4.2.3"
  resolved "https://registry.npmjs.org/string-width/-/string-width-4.2.3.tgz"
  integrity sha512-wKyQRQpjJ0sIp62ErSZdGsjMJWsap5oRNihHhu6G7JVO/9jIB6UyevL+tXuOqrng8j/cxKTWyWUwvSTriiZz/g==
  dependencies:
    emoji-regex "^8.0.0"
    is-fullwidth-code-point "^3.0.0"
    strip-ansi "^6.0.1"

string-width@^5.0.1, string-width@^5.1.2:
  version "5.1.2"
  resolved "https://registry.npmjs.org/string-width/-/string-width-5.1.2.tgz"
  integrity sha512-HnLOCR3vjcY8beoNLtcjZ5/nxn2afmME6lhrDrebokqMap+XbeW8n9TXpPDOqdGK5qcI3oT0GKTW6wC7EMiVqA==
  dependencies:
    eastasianwidth "^0.2.0"
    emoji-regex "^9.2.2"
    strip-ansi "^7.0.1"

strip-ansi@^6.0.1:
  version "6.0.1"
  resolved "https://registry.npmjs.org/strip-ansi/-/strip-ansi-6.0.1.tgz"
  integrity sha512-Y38VPSHcqkFrCpFnQ9vuSXmquuv5oXOKpGeT6aGrr3o3Gc9AlVa6JBfUSOCnbxGGZF+/0ooI7KrPuUSztUdU5A==
  dependencies:
    ansi-regex "^5.0.1"

strip-ansi@^7.0.1:
  version "7.2.0"
  resolved "https://registry.npmjs.org/strip-ansi/-/strip-ansi-7.2.0.tgz"
  integrity sha512-yDPMNjp4WyfYBkHnjIRLfca1i6KMyGCtsVgoKe/z1+6vukgaENdgGBZt+ZmKPc4gavvEZ5OgHfHdrazhgNyG7w==
  dependencies:
    ansi-regex "^6.2.2"

strip-final-newline@^2.0.0:
  version "2.0.0"
  resolved "https://registry.npmjs.org/strip-final-newline/-/strip-final-newline-2.0.0.tgz"
  integrity sha512-BrpvfNAE3dcvq7ll3xVumzjKjZQ5tI1sEUIKr3Uoks0XUl45St3FlatVqef9prk4jRDzhW6WZg+3bk93y6pLjA==

strip-json-comments@~2.0.1:
  version "2.0.1"
  resolved "https://registry.npmjs.org/strip-json-comments/-/strip-json-comments-2.0.1.tgz"
  integrity sha512-4gB8na07fecVVkOI6Rs4e7T6NOTki5EmL7TUduTs6bu3EdnSycntVJ4re8kgZA+wx9IueI2Y11bfbgwtzuE0KQ==

styled-jsx@5.1.6:
  version "5.1.6"
  resolved "https://registry.npmjs.org/styled-jsx/-/styled-jsx-5.1.6.tgz"
  integrity sha512-qSVyDTeMotdvQYoHWLNGwRFJHC+i+ZvdBRYosOFgC+Wg1vx4frN2/RG/NA7SYqqvKNLf39P2LSRA2pu6n0XYZA==
  dependencies:
    client-only "0.0.1"

supports-color@^7.1.0:
  version "7.2.0"
  resolved "https://registry.npmjs.org/supports-color/-/supports-color-7.2.0.tgz"
  integrity sha512-qpCAvRl9stuOHveKsn7HncJRvv501qIacKzQlO/+Lwxc9+0q2wLyv4Dfvt80/DPn2pqOBsJdDiogXGR9+OvwRw==
  dependencies:
    has-flag "^4.0.0"

tailwindcss@^4.0.9, tailwindcss@4.3.2:
  version "4.3.2"
  resolved "https://registry.npmjs.org/tailwindcss/-/tailwindcss-4.3.2.tgz"
  integrity sha512-WtctNNSH8A9jlMIqxzuYumOHU5uGZyRv0Q5svQl+oEPy5w84YpBxdb7MdqyiSPQge5jTJ6zFQLq0PFygdccSBA==

tapable@^2.3.3:
  version "2.3.3"
  resolved "https://registry.npmjs.org/tapable/-/tapable-2.3.3.tgz"
  integrity sha512-uxc/zpqFg6x7C8vOE7lh6Lbda8eEL9zmVm/PLeTPBRhh1xCgdWaQ+J1CUieGpIfm2HdtsUpRv+HshiasBMcc6A==

tslib@^2.4.0, tslib@^2.8.0:
  version "2.8.1"
  resolved "https://registry.npmjs.org/tslib/-/tslib-2.8.1.tgz"
  integrity sha512-oJFu94HQb+KVduSUQL7wnpmqnfmLsOA/nAh6b6EH0wCEoK0/mPeXU6c3wKDV83MkOuHPRHtSXKKU99IBazS/2w==

type-fest@^2.13.0:
  version "2.19.0"
  resolved "https://registry.npmjs.org/type-fest/-/type-fest-2.19.0.tgz"
  integrity sha512-RAH822pAdBgcNMAfWnCBU3CFZcfZ/i1eZjwFU/dsLKumyuuP3niueg2UAukXYF0E2AAoc82ZSSf9J0WQBinzHA==

typescript@^5.8.2:
  version "5.9.3"
  resolved "https://registry.npmjs.org/typescript/-/typescript-5.9.3.tgz"
  integrity sha512-jl1vZzPDinLr9eUt3J/t7V6FgNEw9QjvBPdysz9KfQDD41fQrC2Y4vKQdiaUpFT4bXlb1RHhLpp8wtm6M5TgSw==

undici-types@~6.21.0:
  version "6.21.0"
  resolved "https://registry.npmjs.org/undici-types/-/undici-types-6.21.0.tgz"
  integrity sha512-iwDZqg0QAGrg9Rav5H4n0M64c3mkR59cJ6wQp+7C4nI0gsmExaedaYLNO44eT4AtBBwjbTiGPMlt2Md0T9H9JQ==

update-check@1.5.4:
  version "1.5.4"
  resolved "https://registry.npmjs.org/update-check/-/update-check-1.5.4.tgz"
  integrity sha512-5YHsflzHP4t1G+8WGPlvKbJEbAJGCgw+Em+dGR1KmBUbr1J36SJBqlHLjR7oob7sco5hWHGQVcr9B2poIVDDTQ==
  dependencies:
    registry-auth-token "3.3.2"
    registry-url "3.1.0"

vary@~1.1.2:
  version "1.1.2"
  resolved "https://registry.npmjs.org/vary/-/vary-1.1.2.tgz"
  integrity sha512-BNGbWLfd0eUPabhkXUVm0j8uuvREyTh5ovRa/dyow/BqAbZJyC+5fU+IzQOzmAKzYqYRAISoRhdQr3eIZ/PXqg==

which@^2.0.1:
  version "2.0.2"
  resolved "https://registry.npmjs.org/which/-/which-2.0.2.tgz"
  integrity sha512-BLI3Tl1TW3Pvl70l3yq3Y64i+awpwXqsGBYWkkqMtnbXgrMD+yj7rhW0kuEDxzJaYXGjEW5ogapKNMEKNMjibA==
  dependencies:
    isexe "^2.0.0"

widest-line@^4.0.1:
  version "4.0.1"
  resolved "https://registry.npmjs.org/widest-line/-/widest-line-4.0.1.tgz"
  integrity sha512-o0cyEG0e8GPzT4iGHphIOh0cJOV8fivsXxddQasHPHfoZf1ZexrfeA21w2NaEN1RHE+fXlfISmOE8R9N3u3Qig==
  dependencies:
    string-width "^5.0.1"

wrap-ansi@^8.0.1:
  version "8.1.0"
  resolved "https://registry.npmjs.org/wrap-ansi/-/wrap-ansi-8.1.0.tgz"
  integrity sha512-si7QWI6zUMq56bESFvagtmzMdGOtoxfR+Sez11Mobfc7tm+VkUckk9bW2UeffTGVUbOksxmSw0AA2gs8g71NCQ==
  dependencies:
    ansi-styles "^6.1.0"
    string-width "^5.0.1"
    strip-ansi "^7.0.1"
